{
  "name": "vue-vite-admin-ts",
  "version": "0.0.0",
  "lockfileVersion": 1,
  "requires": true,
  "dependencies": {
    "@babel/helper-validator-identifier": {
      "version": "7.15.7",
      "resolved": "https://registry.nlark.com/@babel/helper-validator-identifier/download/@babel/helper-validator-identifier-7.15.7.tgz?cache=0&sync_timestamp=1631920000984&other_urls=https%3A%2F%2Fregistry.nlark.com%2F%40babel%2Fhelper-validator-identifier%2Fdownload%2F%40babel%2Fhelper-validator-identifier-7.15.7.tgz",
      "integrity": "sha1-Ig35k7/pBKSmsCq08zhaXr9uI4k=",
      "dev": true
    },
    "@babel/parser": {
      "version": "7.15.7",
      "resolved": "https://registry.nlark.com/@babel/parser/download/@babel/parser-7.15.7.tgz",
      "integrity": "sha1-DD7UousHsWXfqFs8xFxyczTE7a4="
    },
    "@babel/types": {
      "version": "7.15.6",
      "resolved": "https://registry.nlark.com/@babel/types/download/@babel/types-7.15.6.tgz?cache=0&sync_timestamp=1631216408117&other_urls=https%3A%2F%2Fregistry.nlark.com%2F%40babel%2Ftypes%2Fdownload%2F%40babel%2Ftypes-7.15.6.tgz",
      "integrity": "sha1-mavcSCGLKIHAWN0KerBbmcm+dY8=",
      "dev": true,
      "requires": {
        "@babel/helper-validator-identifier": "^7.14.9",
        "to-fast-properties": "^2.0.0"
      }
    },
    "@emmetio/abbreviation": {
      "version": "2.2.2",
      "resolved": "https://registry.nlark.com/@emmetio/abbreviation/download/@emmetio/abbreviation-2.2.2.tgz",
      "integrity": "sha1-dGdi/Z56jC6mBPWAxi48/iUOaYk=",
      "dev": true,
      "requires": {
        "@emmetio/scanner": "^1.0.0"
      }
    },
    "@emmetio/css-abbreviation": {
      "version": "2.1.4",
      "resolved": "https://registry.nlark.com/@emmetio/css-abbreviation/download/@emmetio/css-abbreviation-2.1.4.tgz",
      "integrity": "sha1-kDYuihEizjt29sMVeQfTAYL1P1Q=",
      "dev": true,
      "requires": {
        "@emmetio/scanner": "^1.0.0"
      }
    },
    "@emmetio/scanner": {
      "version": "1.0.0",
      "resolved": "https://registry.npm.taobao.org/@emmetio/scanner/download/@emmetio/scanner-1.0.0.tgz",
      "integrity": "sha1-Blsq9iM/50dNRII+PeuJckr0K18=",
      "dev": true
    },
    "@types/node": {
      "version": "16.10.2",
      "resolved": "https://registry.npmmirror.com/@types/node/download/@types/node-16.10.2.tgz",
      "integrity": "sha1-V2TKmqlEcK204Rhf4unxlFiZKy4=",
      "dev": true
    },
    "@vitejs/plugin-vue": {
      "version": "1.9.2",
      "resolved": "https://registry.npmmirror.com/@vitejs/plugin-vue/download/@vitejs/plugin-vue-1.9.2.tgz",
      "integrity": "sha1-cjTvuMPD1gx+rDUKk1B0qxggrg4=",
      "dev": true
    },
    "@volar/code-gen": {
      "version": "0.27.24",
      "resolved": "https://registry.npmmirror.com/@volar/code-gen/download/@volar/code-gen-0.27.24.tgz?cache=0&sync_timestamp=1632378056575&other_urls=https%3A%2F%2Fregistry.npmmirror.com%2F%40volar%2Fcode-gen%2Fdownload%2F%40volar%2Fcode-gen-0.27.24.tgz",
      "integrity": "sha1-zNvoWJUcHuTgw5eSMtUkEtxGdWo=",
      "dev": true,
      "requires": {
        "@volar/shared": "^0.27.24",
        "@volar/source-map": "^0.27.24"
      }
    },
    "@volar/html2pug": {
      "version": "0.27.13",
      "resolved": "https://registry.nlark.com/@volar/html2pug/download/@volar/html2pug-0.27.13.tgz",
      "integrity": "sha1-SN+nPs8e8ZVaAqBG0MiIRZUPrIU=",
      "dev": true,
      "requires": {
        "domelementtype": "^2.2.0",
        "domhandler": "^4.2.0",
        "htmlparser2": "^6.1.0",
        "pug": "^3.0.2"
      }
    },
    "@volar/shared": {
      "version": "0.27.24",
      "resolved": "https://registry.npmmirror.com/@volar/shared/download/@volar/shared-0.27.24.tgz?cache=0&sync_timestamp=1632378315989&other_urls=https%3A%2F%2Fregistry.npmmirror.com%2F%40volar%2Fshared%2Fdownload%2F%40volar%2Fshared-0.27.24.tgz",
      "integrity": "sha1-ozRX7IrAsNNn7VTJ4hkTpfjC1sI=",
      "dev": true,
      "requires": {
        "upath": "^2.0.1",
        "vscode-jsonrpc": "^8.0.0-next.2",
        "vscode-uri": "^3.0.2"
      }
    },
    "@volar/source-map": {
      "version": "0.27.24",
      "resolved": "https://registry.npmmirror.com/@volar/source-map/download/@volar/source-map-0.27.24.tgz?cache=0&sync_timestamp=1632378057628&other_urls=https%3A%2F%2Fregistry.npmmirror.com%2F%40volar%2Fsource-map%2Fdownload%2F%40volar%2Fsource-map-0.27.24.tgz",
      "integrity": "sha1-YPLgcMFpvoLL9/+ilqMMKCPFIF8=",
      "dev": true,
      "requires": {
        "@volar/shared": "^0.27.24"
      }
    },
    "@volar/transforms": {
      "version": "0.27.24",
      "resolved": "https://registry.npmmirror.com/@volar/transforms/download/@volar/transforms-0.27.24.tgz",
      "integrity": "sha1-aOvFPcouNohOJHwIZuw9JO2BV4Q=",
      "dev": true,
      "requires": {
        "@volar/shared": "^0.27.24",
        "vscode-languageserver": "^8.0.0-next.2"
      }
    },
    "@vscode/emmet-helper": {
      "version": "2.7.0",
      "resolved": "https://registry.nlark.com/@vscode/emmet-helper/download/@vscode/emmet-helper-2.7.0.tgz",
      "integrity": "sha1-PbSF9qZQGW/4u9OLobnkaOyNIvg=",
      "dev": true,
      "requires": {
        "emmet": "^2.3.0",
        "jsonc-parser": "^2.3.0",
        "vscode-languageserver-textdocument": "^1.0.1",
        "vscode-languageserver-types": "^3.15.1",
        "vscode-nls": "^5.0.0",
        "vscode-uri": "^2.1.2"
      },
      "dependencies": {
        "vscode-languageserver-types": {
          "version": "3.16.0",
          "resolved": "https://registry.nlark.com/vscode-languageserver-types/download/vscode-languageserver-types-3.16.0.tgz",
          "integrity": "sha1-7POT/BIexpdLLaPvsxVWRMUU4kc=",
          "dev": true
        },
        "vscode-uri": {
          "version": "2.1.2",
          "resolved": "https://registry.npm.taobao.org/vscode-uri/download/vscode-uri-2.1.2.tgz",
          "integrity": "sha1-yNQN6T61evMfPHFd1lDiyiwJbxw=",
          "dev": true
        }
      }
    },
    "@vue/compiler-core": {
      "version": "3.2.19",
      "resolved": "https://registry.npmmirror.com/@vue/compiler-core/download/@vue/compiler-core-3.2.19.tgz",
      "integrity": "sha1-tTfdN3zlH9tk6bMOv7/3zXCmTLk=",
      "requires": {
        "@babel/parser": "^7.15.0",
        "@vue/shared": "3.2.19",
        "estree-walker": "^2.0.2",
        "source-map": "^0.6.1"
      }
    },
    "@vue/compiler-dom": {
      "version": "3.2.19",
      "resolved": "https://registry.npmmirror.com/@vue/compiler-dom/download/@vue/compiler-dom-3.2.19.tgz",
      "integrity": "sha1-Bge8kN5q9V/ec7CbPE0L+MtZftg=",
      "requires": {
        "@vue/compiler-core": "3.2.19",
        "@vue/shared": "3.2.19"
      }
    },
    "@vue/compiler-sfc": {
      "version": "3.2.19",
      "resolved": "https://registry.npmmirror.com/@vue/compiler-sfc/download/@vue/compiler-sfc-3.2.19.tgz",
      "integrity": "sha1-1BIZWpjr1JuEYC8XFxkpSh2VSb4=",
      "requires": {
        "@babel/parser": "^7.15.0",
        "@vue/compiler-core": "3.2.19",
        "@vue/compiler-dom": "3.2.19",
        "@vue/compiler-ssr": "3.2.19",
        "@vue/ref-transform": "3.2.19",
        "@vue/shared": "3.2.19",
        "estree-walker": "^2.0.2",
        "magic-string": "^0.25.7",
        "postcss": "^8.1.10",
        "source-map": "^0.6.1"
      }
    },
    "@vue/compiler-ssr": {
      "version": "3.2.19",
      "resolved": "https://registry.npmmirror.com/@vue/compiler-ssr/download/@vue/compiler-ssr-3.2.19.tgz",
      "integrity": "sha1-PpHs9w+PlhxfY+rNITm82rmnoHw=",
      "requires": {
        "@vue/compiler-dom": "3.2.19",
        "@vue/shared": "3.2.19"
      }
    },
    "@vue/reactivity": {
      "version": "3.2.19",
      "resolved": "https://registry.npmmirror.com/@vue/reactivity/download/@vue/reactivity-3.2.19.tgz",
      "integrity": "sha1-/G4PAQbylSJoNc/tX/X4TZJ76mU=",
      "requires": {
        "@vue/shared": "3.2.19"
      }
    },
    "@vue/ref-transform": {
      "version": "3.2.19",
      "resolved": "https://registry.npmmirror.com/@vue/ref-transform/download/@vue/ref-transform-3.2.19.tgz",
      "integrity": "sha1-zw+YZIa7JoOPvQl0npJ7qxl0VgA=",
      "requires": {
        "@babel/parser": "^7.15.0",
        "@vue/compiler-core": "3.2.19",
        "@vue/shared": "3.2.19",
        "estree-walker": "^2.0.2",
        "magic-string": "^0.25.7"
      }
    },
    "@vue/runtime-core": {
      "version": "3.2.19",
      "resolved": "https://registry.npmmirror.com/@vue/runtime-core/download/@vue/runtime-core-3.2.19.tgz",
      "integrity": "sha1-gHcVt/RyiruE+kqO/b432N20xtM=",
      "requires": {
        "@vue/reactivity": "3.2.19",
        "@vue/shared": "3.2.19"
      }
    },
    "@vue/runtime-dom": {
      "version": "3.2.19",
      "resolved": "https://registry.npmmirror.com/@vue/runtime-dom/download/@vue/runtime-dom-3.2.19.tgz",
      "integrity": "sha1-fov2RXVHA+Ng+hMuS+kRPt8jd7s=",
      "requires": {
        "@vue/runtime-core": "3.2.19",
        "@vue/shared": "3.2.19",
        "csstype": "^2.6.8"
      }
    },
    "@vue/server-renderer": {
      "version": "3.2.19",
      "resolved": "https://registry.npmmirror.com/@vue/server-renderer/download/@vue/server-renderer-3.2.19.tgz",
      "integrity": "sha1-hwvOyffNruDCGHoWm25jarQ2L7E=",
      "requires": {
        "@vue/compiler-ssr": "3.2.19",
        "@vue/shared": "3.2.19"
      }
    },
    "@vue/shared": {
      "version": "3.2.19",
      "resolved": "https://registry.npmmirror.com/@vue/shared/download/@vue/shared-3.2.19.tgz",
      "integrity": "sha1-ER7D2hgzfYYnREaYTEmSWxsrLdc="
    },
    "acorn": {
      "version": "7.4.1",
      "resolved": "https://registry.nlark.com/acorn/download/acorn-7.4.1.tgz",
      "integrity": "sha1-/q7SVZc9LndVW4PbwIhRpsY1IPo=",
      "dev": true
    },
    "asap": {
      "version": "2.0.6",
      "resolved": "https://registry.npm.taobao.org/asap/download/asap-2.0.6.tgz",
      "integrity": "sha1-5QNHYR1+aQlDIIu9r+vLwvuGbUY=",
      "dev": true
    },
    "assert-never": {
      "version": "1.2.1",
      "resolved": "https://registry.npm.taobao.org/assert-never/download/assert-never-1.2.1.tgz",
      "integrity": "sha1-EfDjY78UYgX7CBk7XHuQ9NHPRP4=",
      "dev": true
    },
    "babel-walk": {
      "version": "3.0.0-canary-5",
      "resolved": "https://registry.nlark.com/babel-walk/download/babel-walk-3.0.0-canary-5.tgz",
      "integrity": "sha1-9m7Ncpg1eu5ElV8jWm71QhkQSxE=",
      "dev": true,
      "requires": {
        "@babel/types": "^7.9.6"
      }
    },
    "call-bind": {
      "version": "1.0.2",
      "resolved": "https://registry.nlark.com/call-bind/download/call-bind-1.0.2.tgz",
      "integrity": "sha1-sdTonmiBGcPJqQOtMKuy9qkZvjw=",
      "dev": true,
      "requires": {
        "function-bind": "^1.1.1",
        "get-intrinsic": "^1.0.2"
      }
    },
    "character-parser": {
      "version": "2.2.0",
      "resolved": "https://registry.nlark.com/character-parser/download/character-parser-2.2.0.tgz",
      "integrity": "sha1-x84o821LzZdE5f/CxfzeHHMmH8A=",
      "dev": true,
      "requires": {
        "is-regex": "^1.0.3"
      }
    },
    "constantinople": {
      "version": "4.0.1",
      "resolved": "https://registry.npm.taobao.org/constantinople/download/constantinople-4.0.1.tgz",
      "integrity": "sha1-De8RP6Dk3I3oMzGlz3nIsyUhMVE=",
      "dev": true,
      "requires": {
        "@babel/parser": "^7.6.0",
        "@babel/types": "^7.6.1"
      }
    },
    "csstype": {
      "version": "2.6.18",
      "resolved": "https://registry.nlark.com/csstype/download/csstype-2.6.18.tgz?cache=0&sync_timestamp=1631540708034&other_urls=https%3A%2F%2Fregistry.nlark.com%2Fcsstype%2Fdownload%2Fcsstype-2.6.18.tgz",
      "integrity": "sha1-mAqLUwhfNK8xNBCvBk8r0kF4Qhg="
    },
    "doctypes": {
      "version": "1.1.0",
      "resolved": "https://registry.nlark.com/doctypes/download/doctypes-1.1.0.tgz",
      "integrity": "sha1-6oCxBqh1OHdOijpKWv4pPeSJ4Kk=",
      "dev": true
    },
    "dom-serializer": {
      "version": "1.3.2",
      "resolved": "https://registry.nlark.com/dom-serializer/download/dom-serializer-1.3.2.tgz?cache=0&sync_timestamp=1621256858583&other_urls=https%3A%2F%2Fregistry.nlark.com%2Fdom-serializer%2Fdownload%2Fdom-serializer-1.3.2.tgz",
      "integrity": "sha1-YgZDfTLO767HFhgDIwx6ILwbTZE=",
      "dev": true,
      "requires": {
        "domelementtype": "^2.0.1",
        "domhandler": "^4.2.0",
        "entities": "^2.0.0"
      }
    },
    "domelementtype": {
      "version": "2.2.0",
      "resolved": "https://registry.npm.taobao.org/domelementtype/download/domelementtype-2.2.0.tgz",
      "integrity": "sha1-mgtsJ4LtahxzI9QiZxg9+b2LHVc=",
      "dev": true
    },
    "domhandler": {
      "version": "4.2.2",
      "resolved": "https://registry.nlark.com/domhandler/download/domhandler-4.2.2.tgz?cache=0&sync_timestamp=1630246778110&other_urls=https%3A%2F%2Fregistry.nlark.com%2Fdomhandler%2Fdownload%2Fdomhandler-4.2.2.tgz",
      "integrity": "sha1-6CXXIdGahrjCAaNSZOImxnjudV8=",
      "dev": true,
      "requires": {
        "domelementtype": "^2.2.0"
      }
    },
    "domutils": {
      "version": "2.8.0",
      "resolved": "https://registry.nlark.com/domutils/download/domutils-2.8.0.tgz?cache=0&sync_timestamp=1630106606599&other_urls=https%3A%2F%2Fregistry.nlark.com%2Fdomutils%2Fdownload%2Fdomutils-2.8.0.tgz",
      "integrity": "sha1-RDfe9dtuLR9dbuhZvZXKfQIEgTU=",
      "dev": true,
      "requires": {
        "dom-serializer": "^1.0.1",
        "domelementtype": "^2.2.0",
        "domhandler": "^4.2.0"
      }
    },
    "emmet": {
      "version": "2.3.4",
      "resolved": "https://registry.npm.taobao.org/emmet/download/emmet-2.3.4.tgz",
      "integrity": "sha1-W6DXpVaaaMdpffqJDHcuTzF50SM=",
      "dev": true,
      "requires": {
        "@emmetio/abbreviation": "^2.2.2",
        "@emmetio/css-abbreviation": "^2.1.4"
      }
    },
    "entities": {
      "version": "2.2.0",
      "resolved": "https://registry.nlark.com/entities/download/entities-2.2.0.tgz?cache=0&sync_timestamp=1628508126700&other_urls=https%3A%2F%2Fregistry.nlark.com%2Fentities%2Fdownload%2Fentities-2.2.0.tgz",
      "integrity": "sha1-CY3JDruD2N/6CJ1VJWs1HTTE2lU=",
      "dev": true
    },
    "esbuild": {
      "version": "0.13.3",
      "resolved": "https://registry.npmmirror.com/esbuild/download/esbuild-0.13.3.tgz",
      "integrity": "sha1-zJ/DR/yB/2RAzdH9uf5lwC7dzJc=",
      "dev": true,
      "requires": {
        "esbuild-android-arm64": "0.13.3",
        "esbuild-darwin-64": "0.13.3",
        "esbuild-darwin-arm64": "0.13.3",
        "esbuild-freebsd-64": "0.13.3",
        "esbuild-freebsd-arm64": "0.13.3",
        "esbuild-linux-32": "0.13.3",
        "esbuild-linux-64": "0.13.3",
        "esbuild-linux-arm": "0.13.3",
        "esbuild-linux-arm64": "0.13.3",
        "esbuild-linux-mips64le": "0.13.3",
        "esbuild-linux-ppc64le": "0.13.3",
        "esbuild-openbsd-64": "0.13.3",
        "esbuild-sunos-64": "0.13.3",
        "esbuild-windows-32": "0.13.3",
        "esbuild-windows-64": "0.13.3",
        "esbuild-windows-arm64": "0.13.3"
      }
    },
    "esbuild-android-arm64": {
      "version": "0.13.3",
      "resolved": "https://registry.npmmirror.com/esbuild-android-arm64/download/esbuild-android-arm64-0.13.3.tgz",
      "integrity": "sha1-73NMdu7/QujFOs3/6QHaCQFkqJA=",
      "dev": true,
      "optional": true
    },
    "esbuild-darwin-64": {
      "version": "0.13.3",
      "resolved": "https://registry.npmmirror.com/esbuild-darwin-64/download/esbuild-darwin-64-0.13.3.tgz",
      "integrity": "sha1-NfKTdrdFGt158GQJgGg++SM2U4U=",
      "dev": true,
      "optional": true
    },
    "esbuild-darwin-arm64": {
      "version": "0.13.3",
      "resolved": "https://registry.npmmirror.com/esbuild-darwin-arm64/download/esbuild-darwin-arm64-0.13.3.tgz",
      "integrity": "sha1-UwoTJufRjWLJpUttznDyt37VDuw=",
      "dev": true,
      "optional": true
    },
    "esbuild-freebsd-64": {
      "version": "0.13.3",
      "resolved": "https://registry.npmmirror.com/esbuild-freebsd-64/download/esbuild-freebsd-64-0.13.3.tgz",
      "integrity": "sha1-ziiWrDYuBuuCyl3sBrJWiQHrWvw=",
      "dev": true,
      "optional": true
    },
    "esbuild-freebsd-arm64": {
      "version": "0.13.3",
      "resolved": "https://registry.npmmirror.com/esbuild-freebsd-arm64/download/esbuild-freebsd-arm64-0.13.3.tgz",
      "integrity": "sha1-ogRU+Z4GC+pORl0TFVap8FM/QD8=",
      "dev": true,
      "optional": true
    },
    "esbuild-linux-32": {
      "version": "0.13.3",
      "resolved": "https://registry.npmmirror.com/esbuild-linux-32/download/esbuild-linux-32-0.13.3.tgz",
      "integrity": "sha1-rVbxggjs8AfNmrFs05YmygMSuO4=",
      "dev": true,
      "optional": true
    },
    "esbuild-linux-64": {
      "version": "0.13.3",
      "resolved": "https://registry.npmmirror.com/esbuild-linux-64/download/esbuild-linux-64-0.13.3.tgz",
      "integrity": "sha1-vh6rrfaNFTiX7Yh2ePdJbTlJgQ8=",
      "dev": true,
      "optional": true
    },
    "esbuild-linux-arm": {
      "version": "0.13.3",
      "resolved": "https://registry.npmmirror.com/esbuild-linux-arm/download/esbuild-linux-arm-0.13.3.tgz",
      "integrity": "sha1-s7MWfJ1dMDiJT7x1sZSk++k+rwk=",
      "dev": true,
      "optional": true
    },
    "esbuild-linux-arm64": {
      "version": "0.13.3",
      "resolved": "https://registry.npmmirror.com/esbuild-linux-arm64/download/esbuild-linux-arm64-0.13.3.tgz",
      "integrity": "sha1-MpNIu0oZz7XpBGzF2XulAX2PdK0=",
      "dev": true,
      "optional": true
    },
    "esbuild-linux-mips64le": {
      "version": "0.13.3",
      "resolved": "https://registry.npmmirror.com/esbuild-linux-mips64le/download/esbuild-linux-mips64le-0.13.3.tgz",
      "integrity": "sha1-6haH8o6iyFOZ7ML+I6SKs0O3s10=",
      "dev": true,
      "optional": true
    },
    "esbuild-linux-ppc64le": {
      "version": "0.13.3",
      "resolved": "https://registry.npmmirror.com/esbuild-linux-ppc64le/download/esbuild-linux-ppc64le-0.13.3.tgz",
      "integrity": "sha1-pGLPQurj1/wpqfJ3Z59a3ucK+mc=",
      "dev": true,
      "optional": true
    },
    "esbuild-openbsd-64": {
      "version": "0.13.3",
      "resolved": "https://registry.npmmirror.com/esbuild-openbsd-64/download/esbuild-openbsd-64-0.13.3.tgz",
      "integrity": "sha1-DLFb2G0g6xnLVItTDxpTMZdTLPk=",
      "dev": true,
      "optional": true
    },
    "esbuild-sunos-64": {
      "version": "0.13.3",
      "resolved": "https://registry.npmmirror.com/esbuild-sunos-64/download/esbuild-sunos-64-0.13.3.tgz",
      "integrity": "sha1-U6lBJB+IEBCWnMjxrLGtpJxM08I=",
      "dev": true,
      "optional": true
    },
    "esbuild-windows-32": {
      "version": "0.13.3",
      "resolved": "https://registry.npmmirror.com/esbuild-windows-32/download/esbuild-windows-32-0.13.3.tgz",
      "integrity": "sha1-Jl3A0M21N0aFqFHFhIVwVeEoZaQ=",
      "dev": true,
      "optional": true
    },
    "esbuild-windows-64": {
      "version": "0.13.3",
      "resolved": "https://registry.npmmirror.com/esbuild-windows-64/download/esbuild-windows-64-0.13.3.tgz",
      "integrity": "sha1-rnEMBinsjDnF7x9p6G7VWSu0Eo8=",
      "dev": true,
      "optional": true
    },
    "esbuild-windows-arm64": {
      "version": "0.13.3",
      "resolved": "https://registry.npmmirror.com/esbuild-windows-arm64/download/esbuild-windows-arm64-0.13.3.tgz",
      "integrity": "sha1-ojYZmiaxIFVz3LVx+WYYkyakyVM=",
      "dev": true,
      "optional": true
    },
    "estree-walker": {
      "version": "2.0.2",
      "resolved": "https://registry.npm.taobao.org/estree-walker/download/estree-walker-2.0.2.tgz",
      "integrity": "sha1-UvAQF4wqTBF6d1fP6UKtt9LaTKw="
    },
    "fsevents": {
      "version": "2.3.2",
      "resolved": "https://registry.nlark.com/fsevents/download/fsevents-2.3.2.tgz",
      "integrity": "sha1-ilJveLj99GI7cJ4Ll1xSwkwC/Ro=",
      "dev": true,
      "optional": true
    },
    "function-bind": {
      "version": "1.1.1",
      "resolved": "https://registry.npm.taobao.org/function-bind/download/function-bind-1.1.1.tgz",
      "integrity": "sha1-pWiZ0+o8m6uHS7l3O3xe3pL0iV0=",
      "dev": true
    },
    "get-intrinsic": {
      "version": "1.1.1",
      "resolved": "https://registry.nlark.com/get-intrinsic/download/get-intrinsic-1.1.1.tgz",
      "integrity": "sha1-FfWfN2+FXERpY5SPDSTNNje0q8Y=",
      "dev": true,
      "requires": {
        "function-bind": "^1.1.1",
        "has": "^1.0.3",
        "has-symbols": "^1.0.1"
      }
    },
    "has": {
      "version": "1.0.3",
      "resolved": "https://registry.nlark.com/has/download/has-1.0.3.tgz",
      "integrity": "sha1-ci18v8H2qoJB8W3YFOAR4fQeh5Y=",
      "dev": true,
      "requires": {
        "function-bind": "^1.1.1"
      }
    },
    "has-symbols": {
      "version": "1.0.2",
      "resolved": "https://registry.nlark.com/has-symbols/download/has-symbols-1.0.2.tgz",
      "integrity": "sha1-Fl0wcMADCXUqEjakeTMeOsVvFCM=",
      "dev": true
    },
    "has-tostringtag": {
      "version": "1.0.0",
      "resolved": "https://registry.nlark.com/has-tostringtag/download/has-tostringtag-1.0.0.tgz",
      "integrity": "sha1-fhM4GKfTlHNPlB5zw9P5KR5liyU=",
      "dev": true,
      "requires": {
        "has-symbols": "^1.0.2"
      }
    },
    "htmlparser2": {
      "version": "6.1.0",
      "resolved": "https://registry.nlark.com/htmlparser2/download/htmlparser2-6.1.0.tgz?cache=0&sync_timestamp=1631386302257&other_urls=https%3A%2F%2Fregistry.nlark.com%2Fhtmlparser2%2Fdownload%2Fhtmlparser2-6.1.0.tgz",
      "integrity": "sha1-xNditsM3GgXb5l6UrkOp+EX7j7c=",
      "dev": true,
      "requires": {
        "domelementtype": "^2.0.1",
        "domhandler": "^4.0.0",
        "domutils": "^2.5.2",
        "entities": "^2.0.0"
      }
    },
    "is-core-module": {
      "version": "2.7.0",
      "resolved": "https://registry.npmmirror.com/is-core-module/download/is-core-module-2.7.0.tgz",
      "integrity": "sha1-PA730xtKz8V0+AxYQJ1WioNoSOM=",
      "dev": true,
      "requires": {
        "has": "^1.0.3"
      }
    },
    "is-expression": {
      "version": "4.0.0",
      "resolved": "https://registry.npm.taobao.org/is-expression/download/is-expression-4.0.0.tgz",
      "integrity": "sha1-wzFVliq/IdCv0lUlFNZ9LsFv0qs=",
      "dev": true,
      "requires": {
        "acorn": "^7.1.1",
        "object-assign": "^4.1.1"
      }
    },
    "is-promise": {
      "version": "2.2.2",
      "resolved": "https://registry.npm.taobao.org/is-promise/download/is-promise-2.2.2.tgz?cache=0&sync_timestamp=1588002411837&other_urls=https%3A%2F%2Fregistry.npm.taobao.org%2Fis-promise%2Fdownload%2Fis-promise-2.2.2.tgz",
      "integrity": "sha1-OauVnMv5p3TPB597QMeib3YxNfE=",
      "dev": true
    },
    "is-regex": {
      "version": "1.1.4",
      "resolved": "https://registry.nlark.com/is-regex/download/is-regex-1.1.4.tgz",
      "integrity": "sha1-7vVmPNWfpMCuM5UFMj32hUuxWVg=",
      "dev": true,
      "requires": {
        "call-bind": "^1.0.2",
        "has-tostringtag": "^1.0.0"
      }
    },
    "js-stringify": {
      "version": "1.0.2",
      "resolved": "https://registry.npm.taobao.org/js-stringify/download/js-stringify-1.0.2.tgz",
      "integrity": "sha1-Fzb939lyTyijaCrcYjCufk6Weds=",
      "dev": true
    },
    "jsonc-parser": {
      "version": "2.3.1",
      "resolved": "https://registry.nlark.com/jsonc-parser/download/jsonc-parser-2.3.1.tgz",
      "integrity": "sha1-WVSRULEz8u+sykj+nOHsBlmvI0I=",
      "dev": true
    },
    "jstransformer": {
      "version": "1.0.0",
      "resolved": "https://registry.npm.taobao.org/jstransformer/download/jstransformer-1.0.0.tgz",
      "integrity": "sha1-7Yvwkh4vPx7U1cGkT2hwntJHIsM=",
      "dev": true,
      "requires": {
        "is-promise": "^2.0.0",
        "promise": "^7.0.1"
      }
    },
    "lru-cache": {
      "version": "6.0.0",
      "resolved": "https://registry.nlark.com/lru-cache/download/lru-cache-6.0.0.tgz",
      "integrity": "sha1-bW/mVw69lqr5D8rR2vo7JWbbOpQ=",
      "dev": true,
      "requires": {
        "yallist": "^4.0.0"
      }
    },
    "magic-string": {
      "version": "0.25.7",
      "resolved": "https://registry.nlark.com/magic-string/download/magic-string-0.25.7.tgz?cache=0&sync_timestamp=1618846922153&other_urls=https%3A%2F%2Fregistry.nlark.com%2Fmagic-string%2Fdownload%2Fmagic-string-0.25.7.tgz",
      "integrity": "sha1-P0l9b9NMZpxnmNy4IfLvMfVEUFE=",
      "requires": {
        "sourcemap-codec": "^1.4.4"
      }
    },
    "nanocolors": {
      "version": "0.2.12",
      "resolved": "https://registry.npmmirror.com/nanocolors/download/nanocolors-0.2.12.tgz?cache=0&sync_timestamp=1632861658635&other_urls=https%3A%2F%2Fregistry.npmmirror.com%2Fnanocolors%2Fdownload%2Fnanocolors-0.2.12.tgz",
      "integrity": "sha1-TQWTLnARYHhnPqTMZpmhxWzHd3c="
    },
    "nanoid": {
      "version": "3.1.28",
      "resolved": "https://registry.npmmirror.com/nanoid/download/nanoid-3.1.28.tgz?cache=0&sync_timestamp=1632645277090&other_urls=https%3A%2F%2Fregistry.npmmirror.com%2Fnanoid%2Fdownload%2Fnanoid-3.1.28.tgz",
      "integrity": "sha1-PAG6wUy2xWgFaQFMxlovJkJMa9Q="
    },
    "object-assign": {
      "version": "4.1.1",
      "resolved": "https://registry.nlark.com/object-assign/download/object-assign-4.1.1.tgz",
      "integrity": "sha1-IQmtx5ZYh8/AXLvUQsrIv7s2CGM=",
      "dev": true
    },
    "path-parse": {
      "version": "1.0.7",
      "resolved": "https://registry.nlark.com/path-parse/download/path-parse-1.0.7.tgz",
      "integrity": "sha1-+8EUtgykKzDZ2vWFjkvWi77bZzU=",
      "dev": true
    },
    "postcss": {
      "version": "8.3.8",
      "resolved": "https://registry.npmmirror.com/postcss/download/postcss-8.3.8.tgz?cache=0&sync_timestamp=1632555261973&other_urls=https%3A%2F%2Fregistry.npmmirror.com%2Fpostcss%2Fdownload%2Fpostcss-8.3.8.tgz",
      "integrity": "sha1-nr4qEnOWtLRXCun3dw5/uD2yusE=",
      "requires": {
        "nanocolors": "^0.2.2",
        "nanoid": "^3.1.25",
        "source-map-js": "^0.6.2"
      }
    },
    "promise": {
      "version": "7.3.1",
      "resolved": "https://registry.nlark.com/promise/download/promise-7.3.1.tgz",
      "integrity": "sha1-BktyYCsY+Q8pGSuLG8QY/9Hr078=",
      "dev": true,
      "requires": {
        "asap": "~2.0.3"
      }
    },
    "pug": {
      "version": "3.0.2",
      "resolved": "https://registry.npm.taobao.org/pug/download/pug-3.0.2.tgz",
      "integrity": "sha1-81xxBzQ0VOQ7wnrg/3bHMbeOpTU=",
      "dev": true,
      "requires": {
        "pug-code-gen": "^3.0.2",
        "pug-filters": "^4.0.0",
        "pug-lexer": "^5.0.1",
        "pug-linker": "^4.0.0",
        "pug-load": "^3.0.0",
        "pug-parser": "^6.0.0",
        "pug-runtime": "^3.0.1",
        "pug-strip-comments": "^2.0.0"
      }
    },
    "pug-attrs": {
      "version": "3.0.0",
      "resolved": "https://registry.npm.taobao.org/pug-attrs/download/pug-attrs-3.0.0.tgz",
      "integrity": "sha1-sQRR4DSBZeMfrRzCPr3dncc0fEE=",
      "dev": true,
      "requires": {
        "constantinople": "^4.0.1",
        "js-stringify": "^1.0.2",
        "pug-runtime": "^3.0.0"
      }
    },
    "pug-code-gen": {
      "version": "3.0.2",
      "resolved": "https://registry.npm.taobao.org/pug-code-gen/download/pug-code-gen-3.0.2.tgz",
      "integrity": "sha1-rRkPSUMTO/GGtguA3kgxAOEy4s4=",
      "dev": true,
      "requires": {
        "constantinople": "^4.0.1",
        "doctypes": "^1.1.0",
        "js-stringify": "^1.0.2",
        "pug-attrs": "^3.0.0",
        "pug-error": "^2.0.0",
        "pug-runtime": "^3.0.0",
        "void-elements": "^3.1.0",
        "with": "^7.0.0"
      }
    },
    "pug-error": {
      "version": "2.0.0",
      "resolved": "https://registry.npm.taobao.org/pug-error/download/pug-error-2.0.0.tgz",
      "integrity": "sha1-XGIXPLCcNN4qLOBPF7it/sdNjKU=",
      "dev": true
    },
    "pug-filters": {
      "version": "4.0.0",
      "resolved": "https://registry.npm.taobao.org/pug-filters/download/pug-filters-4.0.0.tgz",
      "integrity": "sha1-0+Sa9bqEcum3pm2YDnB86dLMm14=",
      "dev": true,
      "requires": {
        "constantinople": "^4.0.1",
        "jstransformer": "1.0.0",
        "pug-error": "^2.0.0",
        "pug-walk": "^2.0.0",
        "resolve": "^1.15.1"
      }
    },
    "pug-lexer": {
      "version": "5.0.1",
      "resolved": "https://registry.npm.taobao.org/pug-lexer/download/pug-lexer-5.0.1.tgz",
      "integrity": "sha1-rkRijFvvmxkLZlaDsojKkCS4sNU=",
      "dev": true,
      "requires": {
        "character-parser": "^2.2.0",
        "is-expression": "^4.0.0",
        "pug-error": "^2.0.0"
      }
    },
    "pug-linker": {
      "version": "4.0.0",
      "resolved": "https://registry.nlark.com/pug-linker/download/pug-linker-4.0.0.tgz",
      "integrity": "sha1-EsvAWU/Fo+Brn8Web5PBRpYqdwg=",
      "dev": true,
      "requires": {
        "pug-error": "^2.0.0",
        "pug-walk": "^2.0.0"
      }
    },
    "pug-load": {
      "version": "3.0.0",
      "resolved": "https://registry.npm.taobao.org/pug-load/download/pug-load-3.0.0.tgz",
      "integrity": "sha1-n9nNpSICsIrbEdJWgfufNL1BtmI=",
      "dev": true,
      "requires": {
        "object-assign": "^4.1.1",
        "pug-walk": "^2.0.0"
      }
    },
    "pug-parser": {
      "version": "6.0.0",
      "resolved": "https://registry.npm.taobao.org/pug-parser/download/pug-parser-6.0.0.tgz",
      "integrity": "sha1-qP3ANYY6lbLB3F6/Ts+AtOdqEmA=",
      "dev": true,
      "requires": {
        "pug-error": "^2.0.0",
        "token-stream": "1.0.0"
      }
    },
    "pug-runtime": {
      "version": "3.0.1",
      "resolved": "https://registry.nlark.com/pug-runtime/download/pug-runtime-3.0.1.tgz",
      "integrity": "sha1-9jaXYgRyPzWoxfb61qzaKhkbg9c=",
      "dev": true
    },
    "pug-strip-comments": {
      "version": "2.0.0",
      "resolved": "https://registry.nlark.com/pug-strip-comments/download/pug-strip-comments-2.0.0.tgz",
      "integrity": "sha1-+UsH/WtJVSMzD0kKf1VLT/h2MD4=",
      "dev": true,
      "requires": {
        "pug-error": "^2.0.0"
      }
    },
    "pug-walk": {
      "version": "2.0.0",
      "resolved": "https://registry.npm.taobao.org/pug-walk/download/pug-walk-2.0.0.tgz",
      "integrity": "sha1-QXqrwpIyu0SZtbUGmistKiTV9f4=",
      "dev": true
    },
    "request-light": {
      "version": "0.5.4",
      "resolved": "https://registry.nlark.com/request-light/download/request-light-0.5.4.tgz",
      "integrity": "sha1-SXqYxtiuSVNkF6Xi1/ODuTTz44w=",
      "dev": true
    },
    "resolve": {
      "version": "1.20.0",
      "resolved": "https://registry.npm.taobao.org/resolve/download/resolve-1.20.0.tgz?cache=0&sync_timestamp=1613055280179&other_urls=https%3A%2F%2Fregistry.npm.taobao.org%2Fresolve%2Fdownload%2Fresolve-1.20.0.tgz",
      "integrity": "sha1-YpoBP7P3B1XW8LeTXMHCxTeLGXU=",
      "dev": true,
      "requires": {
        "is-core-module": "^2.2.0",
        "path-parse": "^1.0.6"
      }
    },
    "rollup": {
      "version": "2.57.0",
      "resolved": "https://registry.nlark.com/rollup/download/rollup-2.57.0.tgz?cache=0&sync_timestamp=1632286474389&other_urls=https%3A%2F%2Fregistry.nlark.com%2Frollup%2Fdownload%2Frollup-2.57.0.tgz",
      "integrity": "sha1-wWlEdesi4QIkd8D0Y1/QrIBxMXM=",
      "dev": true,
      "requires": {
        "fsevents": "~2.3.2"
      }
    },
    "semver": {
      "version": "7.3.5",
      "resolved": "https://registry.nlark.com/semver/download/semver-7.3.5.tgz?cache=0&sync_timestamp=1618846828850&other_urls=https%3A%2F%2Fregistry.nlark.com%2Fsemver%2Fdownload%2Fsemver-7.3.5.tgz",
      "integrity": "sha1-C2Ich5NI2JmOSw5L6Us/EuYBjvc=",
      "dev": true,
      "requires": {
        "lru-cache": "^6.0.0"
      }
    },
    "source-map": {
      "version": "0.6.1",
      "resolved": "https://registry.npm.taobao.org/source-map/download/source-map-0.6.1.tgz",
      "integrity": "sha1-dHIq8y6WFOnCh6jQu95IteLxomM="
    },
    "source-map-js": {
      "version": "0.6.2",
      "resolved": "https://registry.npm.taobao.org/source-map-js/download/source-map-js-0.6.2.tgz",
      "integrity": "sha1-C7XeYxtBz72mz7qL0FqA79/SOF4="
    },
    "sourcemap-codec": {
      "version": "1.4.8",
      "resolved": "https://registry.npm.taobao.org/sourcemap-codec/download/sourcemap-codec-1.4.8.tgz",
      "integrity": "sha1-6oBL2UhXQC5pktBaOO8a41qatMQ="
    },
    "to-fast-properties": {
      "version": "2.0.0",
      "resolved": "https://registry.nlark.com/to-fast-properties/download/to-fast-properties-2.0.0.tgz?cache=0&sync_timestamp=1628418925592&other_urls=https%3A%2F%2Fregistry.nlark.com%2Fto-fast-properties%2Fdownload%2Fto-fast-properties-2.0.0.tgz",
      "integrity": "sha1-3F5pjL0HkmW8c+A3doGk5Og/YW4=",
      "dev": true
    },
    "token-stream": {
      "version": "1.0.0",
      "resolved": "https://registry.npm.taobao.org/token-stream/download/token-stream-1.0.0.tgz",
      "integrity": "sha1-zCAOqyYT9BZtJ/+a/HylbUnfbrQ=",
      "dev": true
    },
    "typescript": {
      "version": "4.4.3",
      "resolved": "https://registry.npmmirror.com/typescript/download/typescript-4.4.3.tgz",
      "integrity": "sha1-vcVAfKorEJ79T4L+EwZW+XeikyQ=",
      "dev": true
    },
    "upath": {
      "version": "2.0.1",
      "resolved": "https://registry.npm.taobao.org/upath/download/upath-2.0.1.tgz",
      "integrity": "sha1-UMc96mjW9rmQ9R0nnOYIFmXWGos=",
      "dev": true
    },
    "vite": {
      "version": "2.6.1",
      "resolved": "https://registry.npmmirror.com/vite/download/vite-2.6.1.tgz?cache=0&sync_timestamp=1632942314347&other_urls=https%3A%2F%2Fregistry.npmmirror.com%2Fvite%2Fdownload%2Fvite-2.6.1.tgz",
      "integrity": "sha1-LheQj6hl2WLV/jNjHfCcmefsSG4=",
      "dev": true,
      "requires": {
        "esbuild": "^0.13.2",
        "fsevents": "~2.3.2",
        "postcss": "^8.3.8",
        "resolve": "^1.20.0",
        "rollup": "^2.57.0"
      }
    },
    "void-elements": {
      "version": "3.1.0",
      "resolved": "https://registry.nlark.com/void-elements/download/void-elements-3.1.0.tgz",
      "integrity": "sha1-YU9/v42AHwu18GYfWy9XhXUOTwk=",
      "dev": true
    },
    "vscode-css-languageservice": {
      "version": "5.1.7",
      "resolved": "https://registry.npmmirror.com/vscode-css-languageservice/download/vscode-css-languageservice-5.1.7.tgz?cache=0&sync_timestamp=1632845171641&other_urls=https%3A%2F%2Fregistry.npmmirror.com%2Fvscode-css-languageservice%2Fdownload%2Fvscode-css-languageservice-5.1.7.tgz",
      "integrity": "sha1-67+AOwP95Tm9aDWIzS2mxKYbkOI=",
      "dev": true,
      "requires": {
        "vscode-languageserver-textdocument": "^1.0.1",
        "vscode-languageserver-types": "^3.16.0",
        "vscode-nls": "^5.0.0",
        "vscode-uri": "^3.0.2"
      },
      "dependencies": {
        "vscode-languageserver-types": {
          "version": "3.16.0",
          "resolved": "https://registry.nlark.com/vscode-languageserver-types/download/vscode-languageserver-types-3.16.0.tgz",
          "integrity": "sha1-7POT/BIexpdLLaPvsxVWRMUU4kc=",
          "dev": true
        }
      }
    },
    "vscode-html-languageservice": {
      "version": "4.1.0",
      "resolved": "https://registry.npmmirror.com/vscode-html-languageservice/download/vscode-html-languageservice-4.1.0.tgz",
      "integrity": "sha1-4WYvH/O2I7kQxU0/Siqtjzl+U9c=",
      "dev": true,
      "requires": {
        "vscode-languageserver-textdocument": "^1.0.1",
        "vscode-languageserver-types": "^3.16.0",
        "vscode-nls": "^5.0.0",
        "vscode-uri": "^3.0.2"
      },
      "dependencies": {
        "vscode-languageserver-types": {
          "version": "3.16.0",
          "resolved": "https://registry.nlark.com/vscode-languageserver-types/download/vscode-languageserver-types-3.16.0.tgz",
          "integrity": "sha1-7POT/BIexpdLLaPvsxVWRMUU4kc=",
          "dev": true
        }
      }
    },
    "vscode-json-languageservice": {
      "version": "4.1.8",
      "resolved": "https://registry.npmmirror.com/vscode-json-languageservice/download/vscode-json-languageservice-4.1.8.tgz",
      "integrity": "sha1-OXo5I41Jbj4IpUSouT3yzRM0fQw=",
      "dev": true,
      "requires": {
        "jsonc-parser": "^3.0.0",
        "vscode-languageserver-textdocument": "^1.0.1",
        "vscode-languageserver-types": "^3.16.0",
        "vscode-nls": "^5.0.0",
        "vscode-uri": "^3.0.2"
      },
      "dependencies": {
        "jsonc-parser": {
          "version": "3.0.0",
          "resolved": "https://registry.nlark.com/jsonc-parser/download/jsonc-parser-3.0.0.tgz",
          "integrity": "sha1-q914VwHH5+rKip7IzwcMpRp0WiI=",
          "dev": true
        },
        "vscode-languageserver-types": {
          "version": "3.16.0",
          "resolved": "https://registry.nlark.com/vscode-languageserver-types/download/vscode-languageserver-types-3.16.0.tgz",
          "integrity": "sha1-7POT/BIexpdLLaPvsxVWRMUU4kc=",
          "dev": true
        }
      }
    },
    "vscode-jsonrpc": {
      "version": "8.0.0-next.2",
      "resolved": "https://registry.nlark.com/vscode-jsonrpc/download/vscode-jsonrpc-8.0.0-next.2.tgz?cache=0&sync_timestamp=1628514969429&other_urls=https%3A%2F%2Fregistry.nlark.com%2Fvscode-jsonrpc%2Fdownload%2Fvscode-jsonrpc-8.0.0-next.2.tgz",
      "integrity": "sha1-KF/ClL5YbkdorNZ+WkLvxzilysA=",
      "dev": true
    },
    "vscode-languageserver": {
      "version": "8.0.0-next.2",
      "resolved": "https://registry.nlark.com/vscode-languageserver/download/vscode-languageserver-8.0.0-next.2.tgz?cache=0&other_urls=https%3A%2F%2Fregistry.nlark.com%2Fvscode-languageserver%2Fdownload%2Fvscode-languageserver-8.0.0-next.2.tgz",
      "integrity": "sha1-Oj2vef8QNQ6pzsXHO1MCkBqVURc=",
      "dev": true,
      "requires": {
        "vscode-languageserver-protocol": "3.17.0-next.8"
      }
    },
    "vscode-languageserver-protocol": {
      "version": "3.17.0-next.8",
      "resolved": "https://registry.nlark.com/vscode-languageserver-protocol/download/vscode-languageserver-protocol-3.17.0-next.8.tgz?cache=0&sync_timestamp=1628517965065&other_urls=https%3A%2F%2Fregistry.nlark.com%2Fvscode-languageserver-protocol%2Fdownload%2Fvscode-languageserver-protocol-3.17.0-next.8.tgz",
      "integrity": "sha1-7y63QjtHTMzRE4QjneJEiOf+gYw=",
      "dev": true,
      "requires": {
        "vscode-jsonrpc": "8.0.0-next.2",
        "vscode-languageserver-types": "3.17.0-next.3"
      }
    },
    "vscode-languageserver-textdocument": {
      "version": "1.0.1",
      "resolved": "https://registry.nlark.com/vscode-languageserver-textdocument/download/vscode-languageserver-textdocument-1.0.1.tgz",
      "integrity": "sha1-F4Fo6H761hcbNyrdHeo09T5dMw8=",
      "dev": true
    },
    "vscode-languageserver-types": {
      "version": "3.17.0-next.3",
      "resolved": "https://registry.nlark.com/vscode-languageserver-types/download/vscode-languageserver-types-3.17.0-next.3.tgz",
      "integrity": "sha1-4fQxHgjqMZPoESYVS2o0L8HD26M=",
      "dev": true
    },
    "vscode-nls": {
      "version": "5.0.0",
      "resolved": "https://registry.npm.taobao.org/vscode-nls/download/vscode-nls-5.0.0.tgz",
      "integrity": "sha1-mfDaC9nqfNpE5WWnTFSx8rwleEA=",
      "dev": true
    },
    "vscode-pug-languageservice": {
      "version": "0.27.24",
      "resolved": "https://registry.npmmirror.com/vscode-pug-languageservice/download/vscode-pug-languageservice-0.27.24.tgz?cache=0&sync_timestamp=1632378316333&other_urls=https%3A%2F%2Fregistry.npmmirror.com%2Fvscode-pug-languageservice%2Fdownload%2Fvscode-pug-languageservice-0.27.24.tgz",
      "integrity": "sha1-+oBcTT4z3uNoHmYKB2cTZzjmg3A=",
      "dev": true,
      "requires": {
        "@volar/code-gen": "^0.27.24",
        "@volar/shared": "^0.27.24",
        "@volar/source-map": "^0.27.24",
        "@volar/transforms": "^0.27.24",
        "pug-lexer": "^5.0.1",
        "pug-parser": "^6.0.0",
        "vscode-languageserver": "^8.0.0-next.2"
      }
    },
    "vscode-typescript-languageservice": {
      "version": "0.27.25",
      "resolved": "https://registry.npmmirror.com/vscode-typescript-languageservice/download/vscode-typescript-languageservice-0.27.25.tgz",
      "integrity": "sha1-rNIRcjtgAQjCVRU4i3XVXOFbsFY=",
      "dev": true,
      "requires": {
        "@volar/shared": "^0.27.24",
        "semver": "^7.3.5",
        "upath": "^2.0.1",
        "vscode-languageserver": "^8.0.0-next.2",
        "vscode-languageserver-textdocument": "^1.0.1"
      }
    },
    "vscode-uri": {
      "version": "3.0.2",
      "resolved": "https://registry.npm.taobao.org/vscode-uri/download/vscode-uri-3.0.2.tgz",
      "integrity": "sha1-7P0dBmy470w6II3s26uajCPQVdA=",
      "dev": true
    },
    "vscode-vue-languageservice": {
      "version": "0.27.26",
      "resolved": "https://registry.npmmirror.com/vscode-vue-languageservice/download/vscode-vue-languageservice-0.27.26.tgz",
      "integrity": "sha1-0g0rUmqnPQA9EymkUTKDdLlQLiw=",
      "dev": true,
      "requires": {
        "@volar/code-gen": "^0.27.24",
        "@volar/html2pug": "^0.27.13",
        "@volar/shared": "^0.27.24",
        "@volar/source-map": "^0.27.24",
        "@volar/transforms": "^0.27.24",
        "@vscode/emmet-helper": "^2.7.0",
        "@vue/compiler-dom": "^3.2.19",
        "@vue/reactivity": "^3.2.19",
        "@vue/shared": "^3.2.19",
        "request-light": "^0.5.4",
        "upath": "^2.0.1",
        "vscode-css-languageservice": "^5.1.4",
        "vscode-html-languageservice": "^4.0.7",
        "vscode-json-languageservice": "^4.1.7",
        "vscode-languageserver": "^8.0.0-next.2",
        "vscode-languageserver-textdocument": "^1.0.1",
        "vscode-pug-languageservice": "^0.27.24",
        "vscode-typescript-languageservice": "^0.27.25"
      }
    },
    "vue": {
      "version": "3.2.19",
      "resolved": "https://registry.npmmirror.com/vue/download/vue-3.2.19.tgz",
      "integrity": "sha1-2iyApqAnHHCX/unjFpKt/Z1WnI8=",
      "requires": {
        "@vue/compiler-dom": "3.2.19",
        "@vue/compiler-sfc": "3.2.19",
        "@vue/runtime-dom": "3.2.19",
        "@vue/server-renderer": "3.2.19",
        "@vue/shared": "3.2.19"
      }
    },
    "vue-tsc": {
      "version": "0.3.0",
      "resolved": "https://registry.nlark.com/vue-tsc/download/vue-tsc-0.3.0.tgz",
      "integrity": "sha1-Ozhyv08dLkQJtXrb2CYDLiU9tAY=",
      "dev": true,
      "requires": {
        "vscode-vue-languageservice": "^0.27.0"
      }
    },
    "with": {
      "version": "7.0.2",
      "resolved": "https://registry.npm.taobao.org/with/download/with-7.0.2.tgz",
      "integrity": "sha1-zO461ULSVTinp6gKrSErmChJW6w=",
      "dev": true,
      "requires": {
        "@babel/parser": "^7.9.6",
        "@babel/types": "^7.9.6",
        "assert-never": "^1.2.1",
        "babel-walk": "3.0.0-canary-5"
      }
    },
    "yallist": {
      "version": "4.0.0",
      "resolved": "https://registry.nlark.com/yallist/download/yallist-4.0.0.tgz",
      "integrity": "sha1-m7knkNnA7/7GO+c1GeEaNQGaOnI=",
      "dev": true
    }
  }
}
