lockfileVersion: '9.0'

settings:
  autoInstallPeers: true
  excludeLinksFromLockfile: false

importers:

  .:
    devDependencies:
      '@commitlint/cli':
        specifier: ^20.4.1
        version: 20.4.1(@types/node@22.15.3)(typescript@5.9.2)
      '@commitlint/config-conventional':
        specifier: ^20.4.1
        version: 20.4.1
      husky:
        specifier: ^9.1.7
        version: 9.1.7
      prettier:
        specifier: ^3.7.4
        version: 3.7.4
      turbo:
        specifier: ^2.8.3
        version: 2.8.3
      typescript:
        specifier: 5.9.2
        version: 5.9.2

packages:

  '@babel/code-frame@7.29.0':
    resolution: {integrity: sha512-9NhCeYjq9+3uxgdtp20LSiJXJvN0FeCtNGpJxuMFZ1Kv3cWUNb6DOhJwUvcVCzKGR66cw4njwM6hrJLqgOwbcw==}
    engines: {node: '>=6.9.0'}

  '@babel/helper-validator-identifier@7.28.5':
    resolution: {integrity: sha512-qSs4ifwzKJSV39ucNjsvc6WVHs6b7S03sOh2OcHF9UHfVPqWWALUsNUVzhSBiItjRZoLHx7nIarVjqKVusUZ1Q==}
    engines: {node: '>=6.9.0'}

  '@commitlint/cli@20.4.1':
    resolution: {integrity: sha512-uuFKKpc7OtQM+6SRqT+a4kV818o1pS+uvv/gsRhyX7g4x495jg+Q7P0+O9VNGyLXBYP0syksS7gMRDJKcekr6A==}
    engines: {node: '>=v18'}
    hasBin: true

  '@commitlint/config-conventional@20.4.1':
    resolution: {integrity: sha512-0YUvIeBtpi86XriqrR+TCULVFiyYTIOEPjK7tTRMxjcBm1qlzb+kz7IF2WxL6Fq5DaundG8VO37BNgMkMTBwqA==}
    engines: {node: '>=v18'}

  '@commitlint/config-validator@20.4.0':
    resolution: {integrity: sha512-zShmKTF+sqyNOfAE0vKcqnpvVpG0YX8F9G/ZIQHI2CoKyK+PSdladXMSns400aZ5/QZs+0fN75B//3Q5CHw++w==}
    engines: {node: '>=v18'}

  '@commitlint/ensure@20.4.1':
    resolution: {integrity: sha512-WLQqaFx1pBooiVvBrA1YfJNFqZF8wS/YGOtr5RzApDbV9tQ52qT5VkTsY65hFTnXhW8PcDfZLaknfJTmPejmlw==}
    engines: {node: '>=v18'}

  '@commitlint/execute-rule@20.0.0':
    resolution: {integrity: sha512-xyCoOShoPuPL44gVa+5EdZsBVao/pNzpQhkzq3RdtlFdKZtjWcLlUFQHSWBuhk5utKYykeJPSz2i8ABHQA+ZZw==}
    engines: {node: '>=v18'}

  '@commitlint/format@20.4.0':
    resolution: {integrity: sha512-i3ki3WR0rgolFVX6r64poBHXM1t8qlFel1G1eCBvVgntE3fCJitmzSvH5JD/KVJN/snz6TfaX2CLdON7+s4WVQ==}
    engines: {node: '>=v18'}

  '@commitlint/is-ignored@20.4.1':
    resolution: {integrity: sha512-In5EO4JR1lNsAv1oOBBO24V9ND1IqdAJDKZiEpdfjDl2HMasAcT7oA+5BKONv1pRoLG380DGPE2W2RIcUwdgLA==}
    engines: {node: '>=v18'}

  '@commitlint/lint@20.4.1':
    resolution: {integrity: sha512-g94LrGl/c6UhuhDQqNqU232aslLEN2vzc7MPfQTHzwzM4GHNnEAwVWWnh0zX8S5YXecuLXDwbCsoGwmpAgPWKA==}
    engines: {node: '>=v18'}

  '@commitlint/load@20.4.0':
    resolution: {integrity: sha512-Dauup/GfjwffBXRJUdlX/YRKfSVXsXZLnINXKz0VZkXdKDcaEILAi9oflHGbfydonJnJAbXEbF3nXPm9rm3G6A==}
    engines: {node: '>=v18'}

  '@commitlint/message@20.4.0':
    resolution: {integrity: sha512-B5lGtvHgiLAIsK5nLINzVW0bN5hXv+EW35sKhYHE8F7V9Uz1fR4tx3wt7mobA5UNhZKUNgB/+ldVMQE6IHZRyA==}
    engines: {node: '>=v18'}

  '@commitlint/parse@20.4.1':
    resolution: {integrity: sha512-XNtZjeRcFuAfUnhYrCY02+mpxwY4OmnvD3ETbVPs25xJFFz1nRo/25nHj+5eM+zTeRFvWFwD4GXWU2JEtoK1/w==}
    engines: {node: '>=v18'}

  '@commitlint/read@20.4.0':
    resolution: {integrity: sha512-QfpFn6/I240ySEGv7YWqho4vxqtPpx40FS7kZZDjUJ+eHxu3azfhy7fFb5XzfTqVNp1hNoI3tEmiEPbDB44+cg==}
    engines: {node: '>=v18'}

  '@commitlint/resolve-extends@20.4.0':
    resolution: {integrity: sha512-ay1KM8q0t+/OnlpqXJ+7gEFQNlUtSU5Gxr8GEwnVf2TPN3+ywc5DzL3JCxmpucqxfHBTFwfRMXxPRRnR5Ki20g==}
    engines: {node: '>=v18'}

  '@commitlint/rules@20.4.1':
    resolution: {integrity: sha512-WtqypKEPbQEuJwJS4aKs0OoJRBKz1HXPBC9wRtzVNH68FLhPWzxXlF09hpUXM9zdYTpm4vAdoTGkWiBgQ/vL0g==}
    engines: {node: '>=v18'}

  '@commitlint/to-lines@20.0.0':
    resolution: {integrity: sha512-2l9gmwiCRqZNWgV+pX1X7z4yP0b3ex/86UmUFgoRt672Ez6cAM2lOQeHFRUTuE6sPpi8XBCGnd8Kh3bMoyHwJw==}
    engines: {node: '>=v18'}

  '@commitlint/top-level@20.4.0':
    resolution: {integrity: sha512-NDzq8Q6jmFaIIBC/GG6n1OQEaHdmaAAYdrZRlMgW6glYWGZ+IeuXmiymDvQNXPc82mVxq2KiE3RVpcs+1OeDeA==}
    engines: {node: '>=v18'}

  '@commitlint/types@20.4.0':
    resolution: {integrity: sha512-aO5l99BQJ0X34ft8b0h7QFkQlqxC6e7ZPVmBKz13xM9O8obDaM1Cld4sQlJDXXU/VFuUzQ30mVtHjVz74TuStw==}
    engines: {node: '>=v18'}

  '@types/node@22.15.3':
    resolution: {integrity: sha512-lX7HFZeHf4QG/J7tBZqrCAXwz9J5RD56Y6MpP0eJkka8p+K0RY/yBTW7CYFJ4VGCclxqOLKmiGP5juQc6MKgcw==}

  ajv@8.17.1:
    resolution: {integrity: sha512-B/gBuNg5SiMTrPkC+A2+cW0RszwxYmn6VYxB/inlBStS5nx6xHIt/ehKRhIMhqusl7a8LjQoZnjCs5vhwxOQ1g==}

  ansi-regex@5.0.1:
    resolution: {integrity: sha512-quJQXlTSUGL2LH9SUXo8VwsY4soanhgo6LNSm84E1LBcE8s3O0wpdiRzyR9z/ZZJMlMWv37qOOb9pdJlMUEKFQ==}
    engines: {node: '>=8'}

  ansi-styles@4.3.0:
    resolution: {integrity: sha512-zbB9rCJAT1rbjiVDb2hqKFHNYLxgtk8NURxZ3IZwD3F6NtxbXZQCnnSi1Lkx+IDohdPlFp222wVALIheZJQSEg==}
    engines: {node: '>=8'}

  argparse@2.0.1:
    resolution: {integrity: sha512-8+9WqebbFzpX9OR+Wa6O29asIogeRMzcGtAINdpMHHyAg10f05aSFVBbcEqGf/PXw1EjAZ+q2/bEBg3DvurK3Q==}

  array-ify@1.0.0:
    resolution: {integrity: sha512-c5AMf34bKdvPhQ7tBGhqkgKNUzMr4WUs+WDtC2ZUGOUncbxKMTvqxYctiseW3+L4bA8ec+GcZ6/A/FW4m8ukng==}

  callsites@3.1.0:
    resolution: {integrity: sha512-P8BjAsXvZS+VIDUI11hHCQEv74YT67YUi5JJFNWIqL235sBmjX4+qx9Muvls5ivyNENctx46xQLQ3aTuE7ssaQ==}
    engines: {node: '>=6'}

  cliui@8.0.1:
    resolution: {integrity: sha512-BSeNnyus75C4//NQ9gQt1/csTXyo/8Sb+afLAkzAptFuMsod9HFokGNudZpi/oQV73hnVK+sR+5PVRMd+Dr7YQ==}
    engines: {node: '>=12'}

  color-convert@2.0.1:
    resolution: {integrity: sha512-RRECPsj7iu/xb5oKYcsFHSppFNnsj/52OVTRKb4zP5onXwVF3zVmmToNcOfGC+CRDpfK/U584fMg38ZHCaElKQ==}
    engines: {node: '>=7.0.0'}

  color-name@1.1.4:
    resolution: {integrity: sha512-dOy+3AuW3a2wNbZHIuMZpTcgjGuLU/uBL/ubcZF9OXbDo8ff4O8yVp5Bf0efS8uEoYo5q4Fx7dY9OgQGXgAsQA==}

  compare-func@2.0.0:
    resolution: {integrity: sha512-zHig5N+tPWARooBnb0Zx1MFcdfpyJrfTJ3Y5L+IFvUm8rM74hHz66z0gw0x4tijh5CorKkKUCnW82R2vmpeCRA==}

  conventional-changelog-angular@8.1.0:
    resolution: {integrity: sha512-GGf2Nipn1RUCAktxuVauVr1e3r8QrLP/B0lEUsFktmGqc3ddbQkhoJZHJctVU829U1c6mTSWftrVOCHaL85Q3w==}
    engines: {node: '>=18'}

  conventional-changelog-conventionalcommits@9.1.0:
    resolution: {integrity: sha512-MnbEysR8wWa8dAEvbj5xcBgJKQlX/m0lhS8DsyAAWDHdfs2faDJxTgzRYlRYpXSe7UiKrIIlB4TrBKU9q9DgkA==}
    engines: {node: '>=18'}

  conventional-commits-parser@6.2.1:
    resolution: {integrity: sha512-20pyHgnO40rvfI0NGF/xiEoFMkXDtkF8FwHvk5BokoFoCuTQRI8vrNCNFWUOfuolKJMm1tPCHc8GgYEtr1XRNA==}
    engines: {node: '>=18'}
    hasBin: true

  cosmiconfig-typescript-loader@6.2.0:
    resolution: {integrity: sha512-GEN39v7TgdxgIoNcdkRE3uiAzQt3UXLyHbRHD6YoL048XAeOomyxaP+Hh/+2C6C2wYjxJ2onhJcsQp+L4YEkVQ==}
    engines: {node: '>=v18'}
    peerDependencies:
      '@types/node': '*'
      cosmiconfig: '>=9'
      typescript: '>=5'

  cosmiconfig@9.0.0:
    resolution: {integrity: sha512-itvL5h8RETACmOTFc4UfIyB2RfEHi71Ax6E/PivVxq9NseKbOWpeyHEOIbmAw1rs8Ak0VursQNww7lf7YtUwzg==}
    engines: {node: '>=14'}
    peerDependencies:
      typescript: '>=4.9.5'
    peerDependenciesMeta:
      typescript:
        optional: true

  dargs@8.1.0:
    resolution: {integrity: sha512-wAV9QHOsNbwnWdNW2FYvE1P56wtgSbM+3SZcdGiWQILwVjACCXDCI3Ai8QlCjMDB8YK5zySiXZYBiwGmNY3lnw==}
    engines: {node: '>=12'}

  dot-prop@5.3.0:
    resolution: {integrity: sha512-QM8q3zDe58hqUqjraQOmzZ1LIH9SWQJTlEKCH4kJ2oQvLZk7RbQXvtDM2XEq3fwkV9CCvvH4LA0AV+ogFsBM2Q==}
    engines: {node: '>=8'}

  emoji-regex@8.0.0:
    resolution: {integrity: sha512-MSjYzcWNOA0ewAHpz0MxpYFvwg6yjy1NG3xteoqz644VCo/RPgnr1/GGt+ic3iJTzQ8Eu3TdM14SawnVUmGE6A==}

  env-paths@2.2.1:
    resolution: {integrity: sha512-+h1lkLKhZMTYjog1VEpJNG7NZJWcuc2DDk/qsqSTRRCOXiLjeQ1d1/udrUGhqMxUgAlwKNZ0cf2uqan5GLuS2A==}
    engines: {node: '>=6'}

  error-ex@1.3.4:
    resolution: {integrity: sha512-sqQamAnR14VgCr1A618A3sGrygcpK+HEbenA/HiEAkkUwcZIIB/tgWqHFxWgOyDh4nB4JCRimh79dR5Ywc9MDQ==}

  escalade@3.2.0:
    resolution: {integrity: sha512-WUj2qlxaQtO4g6Pq5c29GTcWGDyd8itL8zTlipgECz3JesAiiOKotd8JU6otB3PACgG6xkJUyVhboMS+bje/jA==}
    engines: {node: '>=6'}

  fast-deep-equal@3.1.3:
    resolution: {integrity: sha512-f3qQ9oQy9j2AhBe/H9VC91wLmKBCCU/gDOnKNAYG5hswO7BLKj09Hc5HYNz9cGI++xlpDCIgDaitVs03ATR84Q==}

  fast-uri@3.1.0:
    resolution: {integrity: sha512-iPeeDKJSWf4IEOasVVrknXpaBV0IApz/gp7S2bb7Z4Lljbl2MGJRqInZiUrQwV16cpzw/D3S5j5Julj/gT52AA==}

  get-caller-file@2.0.5:
    resolution: {integrity: sha512-DyFP3BM/3YHTQOCUL/w0OZHR0lpKeGrxotcHWcqNEdnltqFwXVfhEBQ94eIo34AfQpo0rGki4cyIiftY06h2Fg==}
    engines: {node: 6.* || 8.* || >= 10.*}

  git-raw-commits@4.0.0:
    resolution: {integrity: sha512-ICsMM1Wk8xSGMowkOmPrzo2Fgmfo4bMHLNX6ytHjajRJUqvHOw/TFapQ+QG75c3X/tTDDhOSRPGC52dDbNM8FQ==}
    engines: {node: '>=16'}
    hasBin: true

  global-directory@4.0.1:
    resolution: {integrity: sha512-wHTUcDUoZ1H5/0iVqEudYW4/kAlN5cZ3j/bXn0Dpbizl9iaUVeWSHqiOjsgk6OW2bkLclbBjzewBz6weQ1zA2Q==}
    engines: {node: '>=18'}

  husky@9.1.7:
    resolution: {integrity: sha512-5gs5ytaNjBrh5Ow3zrvdUUY+0VxIuWVL4i9irt6friV+BqdCfmV11CQTWMiBYWHbXhco+J1kHfTOUkePhCDvMA==}
    engines: {node: '>=18'}
    hasBin: true

  import-fresh@3.3.1:
    resolution: {integrity: sha512-TR3KfrTZTYLPB6jUjfx6MF9WcWrHL9su5TObK4ZkYgBdWKPOFoSoQIdEuTuR82pmtxH2spWG9h6etwfr1pLBqQ==}
    engines: {node: '>=6'}

  import-meta-resolve@4.2.0:
    resolution: {integrity: sha512-Iqv2fzaTQN28s/FwZAoFq0ZSs/7hMAHJVX+w8PZl3cY19Pxk6jFFalxQoIfW2826i/fDLXv8IiEZRIT0lDuWcg==}

  ini@4.1.1:
    resolution: {integrity: sha512-QQnnxNyfvmHFIsj7gkPcYymR8Jdw/o7mp5ZFihxn6h8Ci6fh3Dx4E1gPjpQEpIuPo9XVNY/ZUwh4BPMjGyL01g==}
    engines: {node: ^14.17.0 || ^16.13.0 || >=18.0.0}

  is-arrayish@0.2.1:
    resolution: {integrity: sha512-zz06S8t0ozoDXMG+ube26zeCTNXcKIPJZJi8hBrF4idCLms4CG9QtK7qBl1boi5ODzFpjswb5JPmHCbMpjaYzg==}

  is-fullwidth-code-point@3.0.0:
    resolution: {integrity: sha512-zymm5+u+sCsSWyD9qNaejV3DFvhCKclKdizYaJUuHA83RLjb7nSuGnddCHGv0hk+KY7BMAlsWeK4Ueg6EV6XQg==}
    engines: {node: '>=8'}

  is-obj@2.0.0:
    resolution: {integrity: sha512-drqDG3cbczxxEJRoOXcOjtdp1J/lyp1mNn0xaznRs8+muBhgQcrnbspox5X5fOw0HnMnbfDzvnEMEtqDEJEo8w==}
    engines: {node: '>=8'}

  is-plain-obj@4.1.0:
    resolution: {integrity: sha512-+Pgi+vMuUNkJyExiMBt5IlFoMyKnr5zhJ4Uspz58WOhBF5QoIZkFyNHIbBAtHwzVAgk5RtndVNsDRN61/mmDqg==}
    engines: {node: '>=12'}

  jiti@2.6.1:
    resolution: {integrity: sha512-ekilCSN1jwRvIbgeg/57YFh8qQDNbwDb9xT/qu2DAHbFFZUicIl4ygVaAvzveMhMVr3LnpSKTNnwt8PoOfmKhQ==}
    hasBin: true

  js-tokens@4.0.0:
    resolution: {integrity: sha512-RdJUflcE3cUzKiMqQgsCu06FPu9UdIJO0beYbPhHN4k6apgJtifcoCtT9bcxOpYBtpD2kCM6Sbzg4CausW/PKQ==}

  js-yaml@4.1.0:
    resolution: {integrity: sha512-wpxZs9NoxZaJESJGIZTyDEaYpl0FKSA+FB9aJiyemKhMwkxQg63h4T1KJgUGHpTqPDNRcmmYLugrRjJlBtWvRA==}
    hasBin: true

  json-parse-even-better-errors@2.3.1:
    resolution: {integrity: sha512-xyFwyhro/JEof6Ghe2iz2NcXoj2sloNsWr/XsERDK/oiPCfaNhl5ONfp+jQdAZRQQ0IJWNzH9zIZF7li91kh2w==}

  json-schema-traverse@1.0.0:
    resolution: {integrity: sha512-NM8/P9n3XjXhIZn1lLhkFaACTOURQXjWhV4BA/RnOv8xvgqtqpAX9IO4mRQxSx1Rlo4tqzeqb0sOlruaOy3dug==}

  lines-and-columns@1.2.4:
    resolution: {integrity: sha512-7ylylesZQ/PV29jhEDl3Ufjo6ZX7gCqJr5F7PKrqc93v7fzSymt1BpwEU8nAUXs8qzzvqhbjhK5QZg6Mt/HkBg==}

  lodash.camelcase@4.3.0:
    resolution: {integrity: sha512-TwuEnCnxbc3rAvhf/LbG7tJUDzhqXyFnv3dtzLOPgCG/hODL7WFnsbwktkD7yUV0RrreP/l1PALq/YSg6VvjlA==}

  lodash.kebabcase@4.1.1:
    resolution: {integrity: sha512-N8XRTIMMqqDgSy4VLKPnJ/+hpGZN+PHQiJnSenYqPaVV/NCqEogTnAdZLQiGKhxX+JCs8waWq2t1XHWKOmlY8g==}

  lodash.mergewith@4.6.2:
    resolution: {integrity: sha512-GK3g5RPZWTRSeLSpgP8Xhra+pnjBC56q9FZYe1d5RN3TJ35dbkGy3YqBSMbyCrlbi+CM9Z3Jk5yTL7RCsqboyQ==}

  lodash.snakecase@4.1.1:
    resolution: {integrity: sha512-QZ1d4xoBHYUeuouhEq3lk3Uq7ldgyFXGBhg04+oRLnIz8o9T65Eh+8YdroUwn846zchkA9yDsDl5CVVaV2nqYw==}

  lodash.startcase@4.4.0:
    resolution: {integrity: sha512-+WKqsK294HMSc2jEbNgpHpd0JfIBhp7rEV4aqXWqFr6AlXov+SlcgB1Fv01y2kGe3Gc8nMW7VA0SrGuSkRfIEg==}

  lodash.upperfirst@4.3.1:
    resolution: {integrity: sha512-sReKOYJIJf74dhJONhU4e0/shzi1trVbSWDOhKYE5XV2O+H7Sb2Dihwuc7xWxVl+DgFPyTqIN3zMfT9cq5iWDg==}

  meow@12.1.1:
    resolution: {integrity: sha512-BhXM0Au22RwUneMPwSCnyhTOizdWoIEPU9sp0Aqa1PnDMR5Wv2FGXYDjuzJEIX+Eo2Rb8xuYe5jrnm5QowQFkw==}
    engines: {node: '>=16.10'}

  meow@13.2.0:
    resolution: {integrity: sha512-pxQJQzB6djGPXh08dacEloMFopsOqGVRKFPYvPOt9XDZ1HasbgDZA74CJGreSU4G3Ak7EFJGoiH2auq+yXISgA==}
    engines: {node: '>=18'}

  minimist@1.2.8:
    resolution: {integrity: sha512-2yyAR8qBkN3YuheJanUpWC5U3bb5osDywNB8RzDVlDwDHbocAJveqqj1u8+SVD7jkWT4yvsHCpWqqWqAxb0zCA==}

  parent-module@1.0.1:
    resolution: {integrity: sha512-GQ2EWRpQV8/o+Aw8YqtfZZPfNRWZYkbidE9k5rpl/hC3vtHHBfGm2Ifi6qWV+coDGkrUKZAxE3Lot5kcsRlh+g==}
    engines: {node: '>=6'}

  parse-json@5.2.0:
    resolution: {integrity: sha512-ayCKvm/phCGxOkYRSCM82iDwct8/EonSEgCSxWxD7ve6jHggsFl4fZVQBPRNgQoKiuV/odhFrGzQXZwbifC8Rg==}
    engines: {node: '>=8'}

  picocolors@1.1.1:
    resolution: {integrity: sha512-xceH2snhtb5M9liqDsmEw56le376mTZkEX/jEb/RxNFyegNul7eNslCXP9FDj/Lcu0X8KEyMceP2ntpaHrDEVA==}

  prettier@3.7.4:
    resolution: {integrity: sha512-v6UNi1+3hSlVvv8fSaoUbggEM5VErKmmpGA7Pl3HF8V6uKY7rvClBOJlH6yNwQtfTueNkGVpOv/mtWL9L4bgRA==}
    engines: {node: '>=14'}

  require-directory@2.1.1:
    resolution: {integrity: sha512-fGxEI7+wsG9xrvdjsrlmL22OMTTiHRwAMroiEeMgq8gzoLC/PQr7RsRDSTLUg/bZAZtF+TVIkHc6/4RIKrui+Q==}
    engines: {node: '>=0.10.0'}

  require-from-string@2.0.2:
    resolution: {integrity: sha512-Xf0nWe6RseziFMu+Ap9biiUbmplq6S9/p+7w7YXP/JBHhrUDDUhwa+vANyubuqfZWTveU//DYVGsDG7RKL/vEw==}
    engines: {node: '>=0.10.0'}

  resolve-from@4.0.0:
    resolution: {integrity: sha512-pb/MYmXstAkysRFx8piNI1tGFNQIFA3vkE3Gq4EuA1dF6gHp/+vgZqsCGJapvy8N3Q+4o7FwvquPJcnZ7RYy4g==}
    engines: {node: '>=4'}

  resolve-from@5.0.0:
    resolution: {integrity: sha512-qYg9KP24dD5qka9J47d0aVky0N+b4fTU89LN9iDnjB5waksiC49rvMB0PrUJQGoTmH50XPiqOvAjDfaijGxYZw==}
    engines: {node: '>=8'}

  semver@7.7.3:
    resolution: {integrity: sha512-SdsKMrI9TdgjdweUSR9MweHA4EJ8YxHn8DFaDisvhVlUOe4BF1tLD7GAj0lIqWVl+dPb/rExr0Btby5loQm20Q==}
    engines: {node: '>=10'}
    hasBin: true

  split2@4.2.0:
    resolution: {integrity: sha512-UcjcJOWknrNkF6PLX83qcHM6KHgVKNkV62Y8a5uYDVv9ydGQVwAHMKqHdJje1VTWpljG0WYpCDhrCdAOYH4TWg==}
    engines: {node: '>= 10.x'}

  string-width@4.2.3:
    resolution: {integrity: sha512-wKyQRQpjJ0sIp62ErSZdGsjMJWsap5oRNihHhu6G7JVO/9jIB6UyevL+tXuOqrng8j/cxKTWyWUwvSTriiZz/g==}
    engines: {node: '>=8'}

  strip-ansi@6.0.1:
    resolution: {integrity: sha512-Y38VPSHcqkFrCpFnQ9vuSXmquuv5oXOKpGeT6aGrr3o3Gc9AlVa6JBfUSOCnbxGGZF+/0ooI7KrPuUSztUdU5A==}
    engines: {node: '>=8'}

  tinyexec@1.0.2:
    resolution: {integrity: sha512-W/KYk+NFhkmsYpuHq5JykngiOCnxeVL8v8dFnqxSD8qEEdRfXk1SDM6JzNqcERbcGYj9tMrDQBYV9cjgnunFIg==}
    engines: {node: '>=18'}

  turbo-darwin-64@2.8.3:
    resolution: {integrity: sha512-4kXRLfcygLOeNcP6JquqRLmGB/ATjjfehiojL2dJkL7GFm3SPSXbq7oNj8UbD8XriYQ5hPaSuz59iF1ijPHkTw==}
    cpu: [x64]
    os: [darwin]

  turbo-darwin-arm64@2.8.3:
    resolution: {integrity: sha512-xF7uCeC0UY0Hrv/tqax0BMbFlVP1J/aRyeGQPZT4NjvIPj8gSPDgFhfkfz06DhUwDg5NgMo04uiSkAWE8WB/QQ==}
    cpu: [arm64]
    os: [darwin]

  turbo-linux-64@2.8.3:
    resolution: {integrity: sha512-vxMDXwaOjweW/4etY7BxrXCSkvtwh0PbwVafyfT1Ww659SedUxd5rM3V2ZCmbwG8NiCfY7d6VtxyHx3Wh1GoZA==}
    cpu: [x64]
    os: [linux]

  turbo-linux-arm64@2.8.3:
    resolution: {integrity: sha512-mQX7uYBZFkuPLLlKaNe9IjR1JIef4YvY8f21xFocvttXvdPebnq3PK1Zjzl9A1zun2BEuWNUwQIL8lgvN9Pm3Q==}
    cpu: [arm64]
    os: [linux]

  turbo-windows-64@2.8.3:
    resolution: {integrity: sha512-YLGEfppGxZj3VWcNOVa08h6ISsVKiG85aCAWosOKNUjb6yErWEuydv6/qImRJUI+tDLvDvW7BxopAkujRnWCrw==}
    cpu: [x64]
    os: [win32]

  turbo-windows-arm64@2.8.3:
    resolution: {integrity: sha512-afTUGKBRmOJU1smQSBnFGcbq0iabAPwh1uXu2BVk7BREg30/1gMnJh9DFEQTah+UD3n3ru8V55J83RQNFfqoyw==}
    cpu: [arm64]
    os: [win32]

  turbo@2.8.3:
    resolution: {integrity: sha512-8Osxz5Tu/Dw2kb31EAY+nhq/YZ3wzmQSmYa1nIArqxgCAldxv9TPlrAiaBUDVnKA4aiPn0OFBD1ACcpc5VFOAQ==}
    hasBin: true

  typescript@5.9.2:
    resolution: {integrity: sha512-CWBzXQrc/qOkhidw1OzBTQuYRbfyxDXJMVJ1XNwUHGROVmuaeiEm3OslpZ1RV96d7SKKjZKrSJu3+t/xlw3R9A==}
    engines: {node: '>=14.17'}

  undici-types@6.21.0:
    resolution: {integrity: sha512-iwDZqg0QAGrg9Rav5H4n0M64c3mkR59cJ6wQp+7C4nI0gsmExaedaYLNO44eT4AtBBwjbTiGPMlt2Md0T9H9JQ==}

  wrap-ansi@7.0.0:
    resolution: {integrity: sha512-YVGIj2kamLSTxw6NsZjoBxfSwsn0ycdesmc4p+Q21c5zPuZ1pl+NfxVdxPtdHvmNVOQ6XSYG4AUtyt/Fi7D16Q==}
    engines: {node: '>=10'}

  y18n@5.0.8:
    resolution: {integrity: sha512-0pfFzegeDWJHJIAmTLRP2DwHjdF5s7jo9tuztdQxAhINCdvS+3nGINqPd00AphqJR/0LhANUS6/+7SCb98YOfA==}
    engines: {node: '>=10'}

  yargs-parser@21.1.1:
    resolution: {integrity: sha512-tVpsJW7DdjecAiFpbIB1e3qxIQsE6NoPc5/eTdrbbIC4h0LVsWhnoa3g+m2HclBIujHzsxZ4VJVA+GUuc2/LBw==}
    engines: {node: '>=12'}

  yargs@17.7.2:
    resolution: {integrity: sha512-7dSzzRQ++CKnNI/krKnYRV7JKKPUXMEh61soaHKg9mrWEhzFWhFnxPxGl+69cD1Ou63C13NUPCnmIcrvqCuM6w==}
    engines: {node: '>=12'}

snapshots:

  '@babel/code-frame@7.29.0':
    dependencies:
      '@babel/helper-validator-identifier': 7.28.5
      js-tokens: 4.0.0
      picocolors: 1.1.1

  '@babel/helper-validator-identifier@7.28.5': {}

  '@commitlint/cli@20.4.1(@types/node@22.15.3)(typescript@5.9.2)':
    dependencies:
      '@commitlint/format': 20.4.0
      '@commitlint/lint': 20.4.1
      '@commitlint/load': 20.4.0(@types/node@22.15.3)(typescript@5.9.2)
      '@commitlint/read': 20.4.0
      '@commitlint/types': 20.4.0
      tinyexec: 1.0.2
      yargs: 17.7.2
    transitivePeerDependencies:
      - '@types/node'
      - typescript

  '@commitlint/config-conventional@20.4.1':
    dependencies:
      '@commitlint/types': 20.4.0
      conventional-changelog-conventionalcommits: 9.1.0

  '@commitlint/config-validator@20.4.0':
    dependencies:
      '@commitlint/types': 20.4.0
      ajv: 8.17.1

  '@commitlint/ensure@20.4.1':
    dependencies:
      '@commitlint/types': 20.4.0
      lodash.camelcase: 4.3.0
      lodash.kebabcase: 4.1.1
      lodash.snakecase: 4.1.1
      lodash.startcase: 4.4.0
      lodash.upperfirst: 4.3.1

  '@commitlint/execute-rule@20.0.0': {}

  '@commitlint/format@20.4.0':
    dependencies:
      '@commitlint/types': 20.4.0
      picocolors: 1.1.1

  '@commitlint/is-ignored@20.4.1':
    dependencies:
      '@commitlint/types': 20.4.0
      semver: 7.7.3

  '@commitlint/lint@20.4.1':
    dependencies:
      '@commitlint/is-ignored': 20.4.1
      '@commitlint/parse': 20.4.1
      '@commitlint/rules': 20.4.1
      '@commitlint/types': 20.4.0

  '@commitlint/load@20.4.0(@types/node@22.15.3)(typescript@5.9.2)':
    dependencies:
      '@commitlint/config-validator': 20.4.0
      '@commitlint/execute-rule': 20.0.0
      '@commitlint/resolve-extends': 20.4.0
      '@commitlint/types': 20.4.0
      cosmiconfig: 9.0.0(typescript@5.9.2)
      cosmiconfig-typescript-loader: 6.2.0(@types/node@22.15.3)(cosmiconfig@9.0.0(typescript@5.9.2))(typescript@5.9.2)
      is-plain-obj: 4.1.0
      lodash.mergewith: 4.6.2
      picocolors: 1.1.1
    transitivePeerDependencies:
      - '@types/node'
      - typescript

  '@commitlint/message@20.4.0': {}

  '@commitlint/parse@20.4.1':
    dependencies:
      '@commitlint/types': 20.4.0
      conventional-changelog-angular: 8.1.0
      conventional-commits-parser: 6.2.1

  '@commitlint/read@20.4.0':
    dependencies:
      '@commitlint/top-level': 20.4.0
      '@commitlint/types': 20.4.0
      git-raw-commits: 4.0.0
      minimist: 1.2.8
      tinyexec: 1.0.2

  '@commitlint/resolve-extends@20.4.0':
    dependencies:
      '@commitlint/config-validator': 20.4.0
      '@commitlint/types': 20.4.0
      global-directory: 4.0.1
      import-meta-resolve: 4.2.0
      lodash.mergewith: 4.6.2
      resolve-from: 5.0.0

  '@commitlint/rules@20.4.1':
    dependencies:
      '@commitlint/ensure': 20.4.1
      '@commitlint/message': 20.4.0
      '@commitlint/to-lines': 20.0.0
      '@commitlint/types': 20.4.0

  '@commitlint/to-lines@20.0.0': {}

  '@commitlint/top-level@20.4.0':
    dependencies:
      escalade: 3.2.0

  '@commitlint/types@20.4.0':
    dependencies:
      conventional-commits-parser: 6.2.1
      picocolors: 1.1.1

  '@types/node@22.15.3':
    dependencies:
      undici-types: 6.21.0

  ajv@8.17.1:
    dependencies:
      fast-deep-equal: 3.1.3
      fast-uri: 3.1.0
      json-schema-traverse: 1.0.0
      require-from-string: 2.0.2

  ansi-regex@5.0.1: {}

  ansi-styles@4.3.0:
    dependencies:
      color-convert: 2.0.1

  argparse@2.0.1: {}

  array-ify@1.0.0: {}

  callsites@3.1.0: {}

  cliui@8.0.1:
    dependencies:
      string-width: 4.2.3
      strip-ansi: 6.0.1
      wrap-ansi: 7.0.0

  color-convert@2.0.1:
    dependencies:
      color-name: 1.1.4

  color-name@1.1.4: {}

  compare-func@2.0.0:
    dependencies:
      array-ify: 1.0.0
      dot-prop: 5.3.0

  conventional-changelog-angular@8.1.0:
    dependencies:
      compare-func: 2.0.0

  conventional-changelog-conventionalcommits@9.1.0:
    dependencies:
      compare-func: 2.0.0

  conventional-commits-parser@6.2.1:
    dependencies:
      meow: 13.2.0

  cosmiconfig-typescript-loader@6.2.0(@types/node@22.15.3)(cosmiconfig@9.0.0(typescript@5.9.2))(typescript@5.9.2):
    dependencies:
      '@types/node': 22.15.3
      cosmiconfig: 9.0.0(typescript@5.9.2)
      jiti: 2.6.1
      typescript: 5.9.2

  cosmiconfig@9.0.0(typescript@5.9.2):
    dependencies:
      env-paths: 2.2.1
      import-fresh: 3.3.1
      js-yaml: 4.1.0
      parse-json: 5.2.0
    optionalDependencies:
      typescript: 5.9.2

  dargs@8.1.0: {}

  dot-prop@5.3.0:
    dependencies:
      is-obj: 2.0.0

  emoji-regex@8.0.0: {}

  env-paths@2.2.1: {}

  error-ex@1.3.4:
    dependencies:
      is-arrayish: 0.2.1

  escalade@3.2.0: {}

  fast-deep-equal@3.1.3: {}

  fast-uri@3.1.0: {}

  get-caller-file@2.0.5: {}

  git-raw-commits@4.0.0:
    dependencies:
      dargs: 8.1.0
      meow: 12.1.1
      split2: 4.2.0

  global-directory@4.0.1:
    dependencies:
      ini: 4.1.1

  husky@9.1.7: {}

  import-fresh@3.3.1:
    dependencies:
      parent-module: 1.0.1
      resolve-from: 4.0.0

  import-meta-resolve@4.2.0: {}

  ini@4.1.1: {}

  is-arrayish@0.2.1: {}

  is-fullwidth-code-point@3.0.0: {}

  is-obj@2.0.0: {}

  is-plain-obj@4.1.0: {}

  jiti@2.6.1: {}

  js-tokens@4.0.0: {}

  js-yaml@4.1.0:
    dependencies:
      argparse: 2.0.1

  json-parse-even-better-errors@2.3.1: {}

  json-schema-traverse@1.0.0: {}

  lines-and-columns@1.2.4: {}

  lodash.camelcase@4.3.0: {}

  lodash.kebabcase@4.1.1: {}

  lodash.mergewith@4.6.2: {}

  lodash.snakecase@4.1.1: {}

  lodash.startcase@4.4.0: {}

  lodash.upperfirst@4.3.1: {}

  meow@12.1.1: {}

  meow@13.2.0: {}

  minimist@1.2.8: {}

  parent-module@1.0.1:
    dependencies:
      callsites: 3.1.0

  parse-json@5.2.0:
    dependencies:
      '@babel/code-frame': 7.29.0
      error-ex: 1.3.4
      json-parse-even-better-errors: 2.3.1
      lines-and-columns: 1.2.4

  picocolors@1.1.1: {}

  prettier@3.7.4: {}

  require-directory@2.1.1: {}

  require-from-string@2.0.2: {}

  resolve-from@4.0.0: {}

  resolve-from@5.0.0: {}

  semver@7.7.3: {}

  split2@4.2.0: {}

  string-width@4.2.3:
    dependencies:
      emoji-regex: 8.0.0
      is-fullwidth-code-point: 3.0.0
      strip-ansi: 6.0.1

  strip-ansi@6.0.1:
    dependencies:
      ansi-regex: 5.0.1

  tinyexec@1.0.2: {}

  turbo-darwin-64@2.8.3:
    optional: true

  turbo-darwin-arm64@2.8.3:
    optional: true

  turbo-linux-64@2.8.3:
    optional: true

  turbo-linux-arm64@2.8.3:
    optional: true

  turbo-windows-64@2.8.3:
    optional: true

  turbo-windows-arm64@2.8.3:
    optional: true

  turbo@2.8.3:
    optionalDependencies:
      turbo-darwin-64: 2.8.3
      turbo-darwin-arm64: 2.8.3
      turbo-linux-64: 2.8.3
      turbo-linux-arm64: 2.8.3
      turbo-windows-64: 2.8.3
      turbo-windows-arm64: 2.8.3

  typescript@5.9.2: {}

  undici-types@6.21.0: {}

  wrap-ansi@7.0.0:
    dependencies:
      ansi-styles: 4.3.0
      string-width: 4.2.3
      strip-ansi: 6.0.1

  y18n@5.0.8: {}

  yargs-parser@21.1.1: {}

  yargs@17.7.2:
    dependencies:
      cliui: 8.0.1
      escalade: 3.2.0
      get-caller-file: 2.0.5
      require-directory: 2.1.1
      string-width: 4.2.3
      y18n: 5.0.8
      yargs-parser: 21.1.1
